
Microsoft Visual Studio Solution File, Format Version 12.00
# Visual Studio Version 17
VisualStudioVersion = 17.2.32616.157
MinimumVisualStudioVersion = 10.0.40219.1
Project("{FAE04EC0-301F-11D3-BF4B-00C04F79EFBC}") = "ConsoleAppCollection", "ConsoleAppCollection\ConsoleAppCollection.csproj", "{7338B42A-3610-491D-B4C8-11B2662F0493}"
EndProject
Global
	GlobalSection(SolutionConfigurationPlatforms) = preSolution
		Debug|Any CPU = Debug|Any CPU
		Release|Any CPU = Release|Any CPU
	EndGlobalSection
	GlobalSection(ProjectConfigurationPlatforms) = postSolution
		{7338B42A-3610-491D-B4C8-11B2662F0493}.Debug|Any CPU.ActiveCfg = Debug|Any CPU
		{7338B42A-3610-491D-B4C8-11B2662F0493}.Debug|Any CPU.Build.0 = Debug|Any CPU
		{7338B42A-3610-491D-B4C8-11B2662F0493}.Release|Any CPU.ActiveCfg = Release|Any CPU
		{7338B42A-3610-491D-B4C8-11B2662F0493}.Release|Any CPU.Build.0 = Release|Any CPU
	EndGlobalSection
	GlobalSection(SolutionProperties) = preSolution
		HideSolutionNode = FALSE
	EndGlobalSection
	GlobalSection(ExtensibilityGlobals) = postSolution
		SolutionGuid = {CD38F6A8-7B66-48CE-9406-A5D1272740FD}
	EndGlobalSection
EndGlobal
